<?xml version="1.0" encoding="utf-8"?>
<Project ToolsVersion="4.0" xmlns="http://schemas.microsoft.com/developer/msbuild/2003">
  <ItemGroup>
    <Filter Include="Begeerte">
      <UniqueIdentifier>{ec753761-3d4b-4ead-9f3f-2be185346f97}</UniqueIdentifier>
    </Filter>
    <Filter Include="MinHook">
      <UniqueIdentifier>{790e3b5c-9005-4506-94be-274119c8ae34}</UniqueIdentifier>
    </Filter>
    <Filter Include="ImGui">
      <UniqueIdentifier>{248ce6b1-56ac-48b5-9d66-4ec4a1824a0a}</UniqueIdentifier>
    </Filter>
    <Filter Include="Minimal-D3D12-Hook-ImGui">
      <UniqueIdentifier>{db3cb804-bcb4-4d7e-aea6-d924f63ac9b6}</UniqueIdentifier>
    </Filter>
  </ItemGroup>
  <ItemGroup>
    <ClCompile Include="Vector.cpp">
      <Filter>Begeerte</Filter>
    </ClCompile>
    <ClCompile Include="Cheat.cpp">
      <Filter>Begeerte</Filter>
    </ClCompile>
    <ClCompile Include="Console.cpp">
      <Filter>Begeerte</Filter>
    </ClCompile>
    <ClCompile Include="dllmain.cpp">
      <Filter>Begeerte</Filter>
    </ClCompile>
    <ClCompile Include="EntityList.cpp">
      <Filter>Begeerte</Filter>
    </ClCompile>
    <ClCompile Include="ErrorHandler.cpp">
      <Filter>Begeerte</Filter>
    </ClCompile>
    <ClCompile Include="Hook.cpp">
      <Filter>Begeerte</Filter>
    </ClCompile>
    <ClCompile Include="LocalPlayer.cpp">
      <Filter>Begeerte</Filter>
    </ClCompile>
    <ClCompile Include="Logs.cpp">
      <Filter>Begeerte</Filter>
    </ClCompile>
    <ClCompile Include="Memory.cpp">
      <Filter>Begeerte</Filter>
    </ClCompile>
    <ClCompile Include="Offset.cpp">
      <Filter>Begeerte</Filter>
    </ClCompile>
    <ClCompile Include="PointerScanner.cpp">
      <Filter>Begeerte</Filter>
    </ClCompile>
    <ClCompile Include="Radar.cpp">
      <Filter>Begeerte</Filter>
    </ClCompile>
    <ClCompile Include="SDK.cpp">
      <Filter>Begeerte</Filter>
    </ClCompile>
    <ClCompile Include="ImGui\imgui.cpp">
      <Filter>ImGui</Filter>
    </ClCompile>
    <ClCompile Include="ImGui\imgui_demo.cpp">
      <Filter>ImGui</Filter>
    </ClCompile>
    <ClCompile Include="ImGui\imgui_draw.cpp">
      <Filter>ImGui</Filter>
    </ClCompile>
    <ClCompile Include="ImGui\imgui_impl_dx12.cpp">
      <Filter>ImGui</Filter>
    </ClCompile>
    <ClCompile Include="ImGui\imgui_impl_win32.cpp">
      <Filter>ImGui</Filter>
    </ClCompile>
    <ClCompile Include="ImGui\imgui_tables.cpp">
      <Filter>ImGui</Filter>
    </ClCompile>
    <ClCompile Include="ImGui\imgui_widgets.cpp">
      <Filter>ImGui</Filter>
    </ClCompile>
    <ClCompile Include="Minimal-D3D12-Hook-ImGui\hooks.cpp">
      <Filter>Minimal-D3D12-Hook-ImGui</Filter>
    </ClCompile>
    <ClCompile Include="Minimal-D3D12-Hook-ImGui\input.cpp">
      <Filter>Minimal-D3D12-Hook-ImGui</Filter>
    </ClCompile>
    <ClCompile Include="Minimal-D3D12-Hook-ImGui\render.cpp">
      <Filter>Minimal-D3D12-Hook-ImGui</Filter>
    </ClCompile>
    <ClCompile Include="Minimal-D3D12-Hook-ImGui\setup_imgui.cpp">
      <Filter>Minimal-D3D12-Hook-ImGui</Filter>
    </ClCompile>
  </ItemGroup>
  <ItemGroup>
    <ClInclude Include="Cheat.h">
      <Filter>Begeerte</Filter>
    </ClInclude>
    <ClInclude Include="CheatData.h">
      <Filter>Begeerte</Filter>
    </ClInclude>
    <ClInclude Include="Console.h">
      <Filter>Begeerte</Filter>
    </ClInclude>
    <ClInclude Include="EntityList.h">
      <Filter>Begeerte</Filter>
    </ClInclude>
    <ClInclude Include="ErrorHandler.h">
      <Filter>Begeerte</Filter>
    </ClInclude>
    <ClInclude Include="Hook.h">
      <Filter>Begeerte</Filter>
    </ClInclude>
    <ClInclude Include="LocalPlayer.h">
      <Filter>Begeerte</Filter>
    </ClInclude>
    <ClInclude Include="Logs.h">
      <Filter>Begeerte</Filter>
    </ClInclude>
    <ClInclude Include="Memory.h">
      <Filter>Begeerte</Filter>
    </ClInclude>
    <ClInclude Include="Offset.h">
      <Filter>Begeerte</Filter>
    </ClInclude>
    <ClInclude Include="PointerScanner.h">
      <Filter>Begeerte</Filter>
    </ClInclude>
    <ClInclude Include="Radar.h">
      <Filter>Begeerte</Filter>
    </ClInclude>
    <ClInclude Include="SDK.h">
      <Filter>Begeerte</Filter>
    </ClInclude>
    <ClInclude Include="Vector.h">
      <Filter>Begeerte</Filter>
    </ClInclude>
    <ClInclude Include="ImGui\imconfig.h">
      <Filter>ImGui</Filter>
    </ClInclude>
    <ClInclude Include="ImGui\imgui.h">
      <Filter>ImGui</Filter>
    </ClInclude>
    <ClInclude Include="ImGui\imgui_impl_dx12.h">
      <Filter>ImGui</Filter>
    </ClInclude>
    <ClInclude Include="ImGui\imgui_impl_win32.h">
      <Filter>ImGui</Filter>
    </ClInclude>
    <ClInclude Include="ImGui\imgui_internal.h">
      <Filter>ImGui</Filter>
    </ClInclude>
    <ClInclude Include="ImGui\imstb_rectpack.h">
      <Filter>ImGui</Filter>
    </ClInclude>
    <ClInclude Include="ImGui\imstb_textedit.h">
      <Filter>ImGui</Filter>
    </ClInclude>
    <ClInclude Include="ImGui\imstb_truetype.h">
      <Filter>ImGui</Filter>
    </ClInclude>
    <ClInclude Include="MinHook\MinHook.h">
      <Filter>MinHook</Filter>
    </ClInclude>
    <ClInclude Include="Minimal-D3D12-Hook-ImGui\global.h">
      <Filter>Minimal-D3D12-Hook-ImGui</Filter>
    </ClInclude>
    <ClInclude Include="Minimal-D3D12-Hook-ImGui\hooks.h">
      <Filter>Minimal-D3D12-Hook-ImGui</Filter>
    </ClInclude>
    <ClInclude Include="Minimal-D3D12-Hook-ImGui\input.h">
      <Filter>Minimal-D3D12-Hook-ImGui</Filter>
    </ClInclude>
    <ClInclude Include="Minimal-D3D12-Hook-ImGui\render.h">
      <Filter>Minimal-D3D12-Hook-ImGui</Filter>
    </ClInclude>
    <ClInclude Include="Minimal-D3D12-Hook-ImGui\setup_imgui.h">
      <Filter>Minimal-D3D12-Hook-ImGui</Filter>
    </ClInclude>
  </ItemGroup>
  <ItemGroup>
    <Library Include="MinHook\libMinHook.x64.lib">
      <Filter>MinHook</Filter>
    </Library>
  </ItemGroup>
</Project>