<?xml version="1.0" encoding="utf-8"?>
<Project ToolsVersion="4.0" xmlns="http://schemas.microsoft.com/developer/msbuild/2003">
  <ItemGroup>
    <Filter Include="Hack">
      <UniqueIdentifier>{784d04aa-59a5-44cb-9729-b5648cdc0849}</UniqueIdentifier>
    </Filter>
    <Filter Include="Minimal-D3D12-Hook-ImGui-1.0.2">
      <UniqueIdentifier>{e8e80028-c6e1-4719-b377-aa3e8388637f}</UniqueIdentifier>
    </Filter>
    <Filter Include="Minimal-D3D12-Hook-ImGui-1.0.2\MinHook">
      <UniqueIdentifier>{675c9bb7-c864-4377-aa52-e17f3ec5ef3c}</UniqueIdentifier>
    </Filter>
    <Filter Include="Minimal-D3D12-Hook-ImGui-1.0.2\ImGui">
      <UniqueIdentifier>{bfffecb3-cc25-49ce-b360-1386db7aaf32}</UniqueIdentifier>
    </Filter>
    <Filter Include="Minimal-D3D12-Hook-ImGui-1.0.2\Main">
      <UniqueIdentifier>{1378f746-e5c4-452b-bed2-7bc8b9ba3aca}</UniqueIdentifier>
    </Filter>
    <Filter Include="Minimal-D3D12-Hook-ImGui-1.0.2\MinHook\include">
      <UniqueIdentifier>{77c31555-f0d7-4431-8aaa-624b16968668}</UniqueIdentifier>
    </Filter>
  </ItemGroup>
  <ItemGroup>
    <ClInclude Include="Hack\Configs.h">
      <Filter>Hack</Filter>
    </ClInclude>
    <ClInclude Include="Hack\DrawESP.h">
      <Filter>Hack</Filter>
    </ClInclude>
    <ClInclude Include="Hack\DrawImGui.h">
      <Filter>Hack</Filter>
    </ClInclude>
    <ClInclude Include="Hack\ESP.h">
      <Filter>Hack</Filter>
    </ClInclude>
    <ClInclude Include="Minimal-D3D12-Hook-ImGui-1.0.2\MinHook\include\MinHook.h">
      <Filter>Minimal-D3D12-Hook-ImGui-1.0.2\MinHook\include</Filter>
    </ClInclude>
    <ClInclude Include="Minimal-D3D12-Hook-ImGui-1.0.2\Main\mdx12_api.h">
      <Filter>Minimal-D3D12-Hook-ImGui-1.0.2\Main</Filter>
    </ClInclude>
    <ClInclude Include="Minimal-D3D12-Hook-ImGui-1.0.2\ImGui\imconfig.h">
      <Filter>Minimal-D3D12-Hook-ImGui-1.0.2\ImGui</Filter>
    </ClInclude>
    <ClInclude Include="Minimal-D3D12-Hook-ImGui-1.0.2\ImGui\imgui.h">
      <Filter>Minimal-D3D12-Hook-ImGui-1.0.2\ImGui</Filter>
    </ClInclude>
    <ClInclude Include="Minimal-D3D12-Hook-ImGui-1.0.2\ImGui\imgui_impl_dx12.h">
      <Filter>Minimal-D3D12-Hook-ImGui-1.0.2\ImGui</Filter>
    </ClInclude>
    <ClInclude Include="Minimal-D3D12-Hook-ImGui-1.0.2\ImGui\imgui_impl_win32.h">
      <Filter>Minimal-D3D12-Hook-ImGui-1.0.2\ImGui</Filter>
    </ClInclude>
    <ClInclude Include="Minimal-D3D12-Hook-ImGui-1.0.2\ImGui\imgui_internal.h">
      <Filter>Minimal-D3D12-Hook-ImGui-1.0.2\ImGui</Filter>
    </ClInclude>
    <ClInclude Include="Minimal-D3D12-Hook-ImGui-1.0.2\ImGui\imstb_rectpack.h">
      <Filter>Minimal-D3D12-Hook-ImGui-1.0.2\ImGui</Filter>
    </ClInclude>
    <ClInclude Include="Minimal-D3D12-Hook-ImGui-1.0.2\ImGui\imstb_textedit.h">
      <Filter>Minimal-D3D12-Hook-ImGui-1.0.2\ImGui</Filter>
    </ClInclude>
    <ClInclude Include="Minimal-D3D12-Hook-ImGui-1.0.2\ImGui\imstb_truetype.h">
      <Filter>Minimal-D3D12-Hook-ImGui-1.0.2\ImGui</Filter>
    </ClInclude>
    <ClInclude Include="Hack\SDK_Headers.hpp">
      <Filter>Hack</Filter>
    </ClInclude>
  </ItemGroup>
  <ItemGroup>
    <ClCompile Include="Hack\dllmain.cpp">
      <Filter>Hack</Filter>
    </ClCompile>
    <ClCompile Include="Hack\DrawESP.cpp">
      <Filter>Hack</Filter>
    </ClCompile>
    <ClCompile Include="Hack\DrawImGui.cpp">
      <Filter>Hack</Filter>
    </ClCompile>
    <ClCompile Include="Hack\ESP.cpp">
      <Filter>Hack</Filter>
    </ClCompile>
    <ClCompile Include="Minimal-D3D12-Hook-ImGui-1.0.2\Main\dllmain.cpp">
      <Filter>Minimal-D3D12-Hook-ImGui-1.0.2\Main</Filter>
    </ClCompile>
    <ClCompile Include="Minimal-D3D12-Hook-ImGui-1.0.2\Main\hook.cpp">
      <Filter>Minimal-D3D12-Hook-ImGui-1.0.2\Main</Filter>
    </ClCompile>
    <ClCompile Include="Minimal-D3D12-Hook-ImGui-1.0.2\Main\input.cpp">
      <Filter>Minimal-D3D12-Hook-ImGui-1.0.2\Main</Filter>
    </ClCompile>
    <ClCompile Include="Minimal-D3D12-Hook-ImGui-1.0.2\Main\mdx12_globals.cpp">
      <Filter>Minimal-D3D12-Hook-ImGui-1.0.2\Main</Filter>
    </ClCompile>
    <ClCompile Include="Minimal-D3D12-Hook-ImGui-1.0.2\Main\render.cpp">
      <Filter>Minimal-D3D12-Hook-ImGui-1.0.2\Main</Filter>
    </ClCompile>
    <ClCompile Include="Minimal-D3D12-Hook-ImGui-1.0.2\Main\setup_imgui.cpp">
      <Filter>Minimal-D3D12-Hook-ImGui-1.0.2\Main</Filter>
    </ClCompile>
    <ClCompile Include="Minimal-D3D12-Hook-ImGui-1.0.2\ImGui\imgui.cpp">
      <Filter>Minimal-D3D12-Hook-ImGui-1.0.2\ImGui</Filter>
    </ClCompile>
    <ClCompile Include="Minimal-D3D12-Hook-ImGui-1.0.2\ImGui\imgui_demo.cpp">
      <Filter>Minimal-D3D12-Hook-ImGui-1.0.2\ImGui</Filter>
    </ClCompile>
    <ClCompile Include="Minimal-D3D12-Hook-ImGui-1.0.2\ImGui\imgui_draw.cpp">
      <Filter>Minimal-D3D12-Hook-ImGui-1.0.2\ImGui</Filter>
    </ClCompile>
    <ClCompile Include="Minimal-D3D12-Hook-ImGui-1.0.2\ImGui\imgui_impl_dx12.cpp">
      <Filter>Minimal-D3D12-Hook-ImGui-1.0.2\ImGui</Filter>
    </ClCompile>
    <ClCompile Include="Minimal-D3D12-Hook-ImGui-1.0.2\ImGui\imgui_impl_win32.cpp">
      <Filter>Minimal-D3D12-Hook-ImGui-1.0.2\ImGui</Filter>
    </ClCompile>
    <ClCompile Include="Minimal-D3D12-Hook-ImGui-1.0.2\ImGui\imgui_tables.cpp">
      <Filter>Minimal-D3D12-Hook-ImGui-1.0.2\ImGui</Filter>
    </ClCompile>
    <ClCompile Include="Minimal-D3D12-Hook-ImGui-1.0.2\ImGui\imgui_widgets.cpp">
      <Filter>Minimal-D3D12-Hook-ImGui-1.0.2\ImGui</Filter>
    </ClCompile>
    <ClCompile Include="Hack\SDK_Impl.cpp">
      <Filter>Hack</Filter>
    </ClCompile>
  </ItemGroup>
  <ItemGroup>
    <Text Include="Minimal-D3D12-Hook-ImGui-1.0.2\ImGui\LICENSE.txt">
      <Filter>Minimal-D3D12-Hook-ImGui-1.0.2\ImGui</Filter>
    </Text>
  </ItemGroup>
</Project>